
Microsoft Visual Studio Solution File, Format Version 12.00
# Visual Studio Version 17
VisualStudioVersion = 17.3.32929.385
MinimumVisualStudioVersion = 10.0.40219.1
Project("{FAE04EC0-301F-11D3-BF4B-00C04F79EFBC}") = "formImage", "formImage.csproj", "{23BC668A-ACE9-461B-873D-D6109A93F7EF}"
EndProject
Global
	GlobalSection(SolutionConfigurationPlatforms) = preSolution
		Debug|Any CPU = Debug|Any CPU
		Release|Any CPU = Release|Any CPU
	EndGlobalSection
	GlobalSection(ProjectConfigurationPlatforms) = postSolution
		{23BC668A-ACE9-461B-873D-D6109A93F7EF}.Debug|Any CPU.ActiveCfg = Debug|Any CPU
		{23BC668A-ACE9-461B-873D-D6109A93F7EF}.Debug|Any CPU.Build.0 = Debug|Any CPU
		{23BC668A-ACE9-461B-873D-D6109A93F7EF}.Release|Any CPU.ActiveCfg = Release|Any CPU
		{23BC668A-ACE9-461B-873D-D6109A93F7EF}.Release|Any CPU.Build.0 = Release|Any CPU
	EndGlobalSection
	GlobalSection(SolutionProperties) = preSolution
		HideSolutionNode = FALSE
	EndGlobalSection
	GlobalSection(ExtensibilityGlobals) = postSolution
		SolutionGuid = {8DD839C8-6AA3-470F-BFE2-8E427A07967C}
	EndGlobalSection
EndGlobal
